
Microsoft Visual Studio Solution File, Format Version 11.00
# Visual Studio 2010
Project("{8BC9CEB8-8B4A-11D0-8D11-00A0C91BC942}") = "area_longitud", "area_longitud\area_longitud.vcxproj", "{DAFD6C6B-07C6-45BC-B373-52603D105282}"
EndProject
Global
	GlobalSection(SolutionConfigurationPlatforms) = preSolution
		Debug|Win32 = Debug|Win32
		Release|Win32 = Release|Win32
	EndGlobalSection
	GlobalSection(ProjectConfigurationPlatforms) = postSolution
		{DAFD6C6B-07C6-45BC-B373-52603D105282}.Debug|Win32.ActiveCfg = Debug|Win32
		{DAFD6C6B-07C6-45BC-B373-52603D105282}.Debug|Win32.Build.0 = Debug|Win32
		{DAFD6C6B-07C6-45BC-B373-52603D105282}.Release|Win32.ActiveCfg = Release|Win32
		{DAFD6C6B-07C6-45BC-B373-52603D105282}.Release|Win32.Build.0 = Release|Win32
	EndGlobalSection
	GlobalSection(SolutionProperties) = preSolution
		HideSolutionNode = FALSE
	EndGlobalSection
EndGlobal
